// !$*UTF8*$!
{
	archiveVersion = 1;
	classes = {
	};
	objectVersion = 50;
	objects = {

/* Begin PBXBuildFile section */
		574207CB20A58C0C00ED7877 /* XDXLabelFlowManager.swift in Sources */ = {isa = PBXBuildFile; fileRef = 574207CA20A58C0C00ED7877 /* XDXLabelFlowManager.swift */; };
		574207CE20A58C4700ED7877 /* XDXLabelFlowItem.swift in Sources */ = {isa = PBXBuildFile; fileRef = 574207CD20A58C4700ED7877 /* XDXLabelFlowItem.swift */; };
		574207D020A58C7500ED7877 /* XDXLabelFlowLayout.swift in Sources */ = {isa = PBXBuildFile; fileRef = 574207CF20A58C7500ED7877 /* XDXLabelFlowLayout.swift */; };
		5781410A20A00A4D00A6BB4B /* XDXLabelFlow.h in Headers */ = {isa = PBXBuildFile; fileRef = 5781410820A00A4D00A6BB4B /* XDXLabelFlow.h */; settings = {ATTRIBUTES = (Public, ); }; };
		5781411120A00B3200A6BB4B /* XDXLabelFlow.swift in Sources */ = {isa = PBXBuildFile; fileRef = 5781411020A00B3200A6BB4B /* XDXLabelFlow.swift */; };
/* End PBXBuildFile section */

/* Begin PBXFileReference section */
		5727B7A120A839F000237858 /* LICENSE */ = {isa = PBXFileReference; lastKnownFileType = text; path = LICENSE; sourceTree = "<group>"; };
		5727B7A220A839F000237858 /* README.md */ = {isa = PBXFileReference; lastKnownFileType = net.daringfireball.markdown; path = README.md; sourceTree = "<group>"; };
		5727B7A320A83B4E00237858 /* XDXLabelFlow.podspec */ = {isa = PBXFileReference; lastKnownFileType = text; path = XDXLabelFlow.podspec; sourceTree = "<group>"; };
		574207CA20A58C0C00ED7877 /* XDXLabelFlowManager.swift */ = {isa = PBXFileReference; lastKnownFileType = sourcecode.swift; path = XDXLabelFlowManager.swift; sourceTree = "<group>"; };
		574207CD20A58C4700ED7877 /* XDXLabelFlowItem.swift */ = {isa = PBXFileReference; lastKnownFileType = sourcecode.swift; path = XDXLabelFlowItem.swift; sourceTree = "<group>"; };
		574207CF20A58C7500ED7877 /* XDXLabelFlowLayout.swift */ = {isa = PBXFileReference; lastKnownFileType = sourcecode.swift; path = XDXLabelFlowLayout.swift; sourceTree = "<group>"; };
		5781410520A00A4D00A6BB4B /* XDXLabelFlow.framework */ = {isa = PBXFileReference; explicitFileType = wrapper.framework; includeInIndex = 0; path = XDXLabelFlow.framework; sourceTree = BUILT_PRODUCTS_DIR; };
		5781410820A00A4D00A6BB4B /* XDXLabelFlow.h */ = {isa = PBXFileReference; lastKnownFileType = sourcecode.c.h; path = XDXLabelFlow.h; sourceTree = "<group>"; };
		5781410920A00A4D00A6BB4B /* Info.plist */ = {isa = PBXFileReference; lastKnownFileType = text.plist.xml; path = Info.plist; sourceTree = "<group>"; };
		5781411020A00B3200A6BB4B /* XDXLabelFlow.swift */ = {isa = PBXFileReference; lastKnownFileType = sourcecode.swift; path = XDXLabelFlow.swift; sourceTree = "<group>"; };
/* End PBXFileReference section */

/* Begin PBXFrameworksBuildPhase section */
		5781410120A00A4D00A6BB4B /* Frameworks */ = {
			isa = PBXFrameworksBuildPhase;
			buildActionMask = 2147483647;
			files = (
			);
			runOnlyForDeploymentPostprocessing = 0;
		};
/* End PBXFrameworksBuildPhase section */

/* Begin PBXGroup section */
		578140FB20A00A4D00A6BB4B = {
			isa = PBXGroup;
			children = (
				5781410720A00A4D00A6BB4B /* XDXLabelFlow */,
				5727B7A220A839F000237858 /* README.md */,
				5727B7A320A83B4E00237858 /* XDXLabelFlow.podspec */,
				5727B7A120A839F000237858 /* LICENSE */,
				5781410620A00A4D00A6BB4B /* Products */,
			);
			sourceTree = "<group>";
		};
		5781410620A00A4D00A6BB4B /* Products */ = {
			isa = PBXGroup;
			children = (
				5781410520A00A4D00A6BB4B /* XDXLabelFlow.framework */,
			);
			name = Products;
			sourceTree = "<group>";
		};
		5781410720A00A4D00A6BB4B /* XDXLabelFlow */ = {
			isa = PBXGroup;
			children = (
				5781410920A00A4D00A6BB4B /* Info.plist */,
				5781410820A00A4D00A6BB4B /* XDXLabelFlow.h */,
				5781411020A00B3200A6BB4B /* XDXLabelFlow.swift */,
				574207CF20A58C7500ED7877 /* XDXLabelFlowLayout.swift */,
				574207CD20A58C4700ED7877 /* XDXLabelFlowItem.swift */,
				574207CA20A58C0C00ED7877 /* XDXLabelFlowManager.swift */,
			);
			path = XDXLabelFlow;
			sourceTree = "<group>";
		};
/* End PBXGroup section */

/* Begin PBXHeadersBuildPhase section */
		5781410220A00A4D00A6BB4B /* Headers */ = {
			isa = PBXHeadersBuildPhase;
			buildActionMask = 2147483647;
			files = (
				5781410A20A00A4D00A6BB4B /* XDXLabelFlow.h in Headers */,
			);
			runOnlyForDeploymentPostprocessing = 0;
		};
/* End PBXHeadersBuildPhase section */

/* Begin PBXNativeTarget section */
		5781410420A00A4D00A6BB4B /* XDXLabelFlow */ = {
			isa = PBXNativeTarget;
			buildConfigurationList = 5781410D20A00A4D00A6BB4B /* Build configuration list for PBXNativeTarget "XDXLabelFlow" */;
			buildPhases = (
				5781410020A00A4D00A6BB4B /* Sources */,
				5781410120A00A4D00A6BB4B /* Frameworks */,
				5781410220A00A4D00A6BB4B /* Headers */,
				5781410320A00A4D00A6BB4B /* Resources */,
			);
			buildRules = (
			);
			dependencies = (
			);
			name = XDXLabelFlow;
			productName = XDXLabelFlow;
			productReference = 5781410520A00A4D00A6BB4B /* XDXLabelFlow.framework */;
			productType = "com.apple.product-type.framework";
		};
/* End PBXNativeTarget section */

/* Begin PBXProject section */
		578140FC20A00A4D00A6BB4B /* Project object */ = {
			isa = PBXProject;
			attributes = {
				LastUpgradeCheck = 0930;
				ORGANIZATIONNAME = "6谢侠6 (6xieapplexia6)";
				TargetAttributes = {
					5781410420A00A4D00A6BB4B = {
						CreatedOnToolsVersion = 9.3;
						LastSwiftMigration = 0930;
					};
				};
			};
			buildConfigurationList = 578140FF20A00A4D00A6BB4B /* Build configuration list for PBXProject "XDXLabelFlow" */;
			compatibilityVersion = "Xcode 9.3";
			developmentRegion = en;
			hasScannedForEncodings = 0;
			knownRegions = (
				en,
			);
			mainGroup = 578140FB20A00A4D00A6BB4B;
			productRefGroup = 5781410620A00A4D00A6BB4B /* Products */;
			projectDirPath = "";
			projectRoot = "";
			targets = (
				5781410420A00A4D00A6BB4B /* XDXLabelFlow */,
			);
		};
/* End PBXProject section */

/* Begin PBXResourcesBuildPhase section */
		5781410320A00A4D00A6BB4B /* Resources */ = {
			isa = PBXResourcesBuildPhase;
			buildActionMask = 2147483647;
			files = (
			);
			runOnlyForDeploymentPostprocessing = 0;
		};
/* End PBXResourcesBuildPhase section */

/* Begin PBXSourcesBuildPhase section */
		5781410020A00A4D00A6BB4B /* Sources */ = {
			isa = PBXSourcesBuildPhase;
			buildActionMask = 2147483647;
			files = (
				5781411120A00B3200A6BB4B /* XDXLabelFlow.swift in Sources */,
				574207D020A58C7500ED7877 /* XDXLabelFlowLayout.swift in Sources */,
				574207CE20A58C4700ED7877 /* XDXLabelFlowItem.swift in Sources */,
				574207CB20A58C0C00ED7877 /* XDXLabelFlowManager.swift in Sources */,
			);
			runOnlyForDeploymentPostprocessing = 0;
		};
/* End PBXSourcesBuildPhase section */

/* Begin XCBuildConfiguration section */
		5781410B20A00A4D00A6BB4B /* Debug */ = {
			isa = XCBuildConfiguration;
			buildSettings = {
				ALWAYS_SEARCH_USER_PATHS = NO;
				CLANG_ANALYZER_NONNULL = YES;
				CLANG_ANALYZER_NUMBER_OBJECT_CONVERSION = YES_AGGRESSIVE;
				CLANG_CXX_LANGUAGE_STANDARD = "gnu++14";
				CLANG_CXX_LIBRARY = "libc++";
				CLANG_ENABLE_MODULES = YES;
				CLANG_ENABLE_OBJC_ARC = YES;
				CLANG_ENABLE_OBJC_WEAK = YES;
				CLANG_WARN_BLOCK_CAPTURE_AUTORELEASING = YES;
				CLANG_WARN_BOOL_CONVERSION = YES;
				CLANG_WARN_COMMA = YES;
				CLANG_WARN_CONSTANT_CONVERSION = YES;
				CLANG_WARN_DEPRECATED_OBJC_IMPLEMENTATIONS = YES;
				CLANG_WARN_DIRECT_OBJC_ISA_USAGE = YES_ERROR;
				CLANG_WARN_DOCUMENTATION_COMMENTS = YES;
				CLANG_WARN_EMPTY_BODY = YES;
				CLANG_WARN_ENUM_CONVERSION = YES;
				CLANG_WARN_INFINITE_RECURSION = YES;
				CLANG_WARN_INT_CONVERSION = YES;
				CLANG_WARN_NON_LITERAL_NULL_CONVERSION = YES;
				CLANG_WARN_OBJC_IMPLICIT_RETAIN_SELF = YES;
				CLANG_WARN_OBJC_LITERAL_CONVERSION = YES;
				CLANG_WARN_OBJC_ROOT_CLASS = YES_ERROR;
				CLANG_WARN_RANGE_LOOP_ANALYSIS = YES;
				CLANG_WARN_STRICT_PROTOTYPES = YES;
				CLANG_WARN_SUSPICIOUS_MOVE = YES;
				CLANG_WARN_UNGUARDED_AVAILABILITY = YES_AGGRESSIVE;
				CLANG_WARN_UNREACHABLE_CODE = YES;
				CLANG_WARN__DUPLICATE_METHOD_MATCH = YES;
				CODE_SIGN_IDENTITY = "iPhone Developer";
				COPY_PHASE_STRIP = NO;
				CURRENT_PROJECT_VERSION = 1;
				DEBUG_INFORMATION_FORMAT = dwarf;
				ENABLE_STRICT_OBJC_MSGSEND = YES;
				ENABLE_TESTABILITY = YES;
				GCC_C_LANGUAGE_STANDARD = gnu11;
				GCC_DYNAMIC_NO_PIC = NO;
				GCC_NO_COMMON_BLOCKS = YES;
				GCC_OPTIMIZATION_LEVEL = 0;
				GCC_PREPROCESSOR_DEFINITIONS = (
					"DEBUG=1",
					"$(inherited)",
				);
				GCC_WARN_64_TO_32_BIT_CONVERSION = YES;
				GCC_WARN_ABOUT_RETURN_TYPE = YES_ERROR;
				GCC_WARN_UNDECLARED_SELECTOR = YES;
				GCC_WARN_UNINITIALIZED_AUTOS = YES_AGGRESSIVE;
				GCC_WARN_UNUSED_FUNCTION = YES;
				GCC_WARN_UNUSED_VARIABLE = YES;
				IPHONEOS_DEPLOYMENT_TARGET = 11.3;
				MTL_ENABLE_DEBUG_INFO = YES;
				ONLY_ACTIVE_ARCH = YES;
				SDKROOT = iphoneos;
				SWIFT_ACTIVE_COMPILATION_CONDITIONS = DEBUG;
				SWIFT_OPTIMIZATION_LEVEL = "-Onone";
				VERSIONING_SYSTEM = "apple-generic";
				VERSION_INFO_PREFIX = "";
			};
			name = Debug;
		};
		5781410C20A00A4D00A6BB4B /* Release */ = {
			isa = XCBuildConfiguration;
			buildSettings = {
				ALWAYS_SEARCH_USER_PATHS = NO;
				CLANG_ANALYZER_NONNULL = YES;
				CLANG_ANALYZER_NUMBER_OBJECT_CONVERSION = YES_AGGRESSIVE;
				CLANG_CXX_LANGUAGE_STANDARD = "gnu++14";
				CLANG_CXX_LIBRARY = "libc++";
				CLANG_ENABLE_MODULES = YES;
				CLANG_ENABLE_OBJC_ARC = YES;
				CLANG_ENABLE_OBJC_WEAK = YES;
				CLANG_WARN_BLOCK_CAPTURE_AUTORELEASING = YES;
				CLANG_WARN_BOOL_CONVERSION = YES;
				CLANG_WARN_COMMA = YES;
				CLANG_WARN_CONSTANT_CONVERSION = YES;
				CLANG_WARN_DEPRECATED_OBJC_IMPLEMENTATIONS = YES;
				CLANG_WARN_DIRECT_OBJC_ISA_USAGE = YES_ERROR;
				CLANG_WARN_DOCUMENTATION_COMMENTS = YES;
				CLANG_WARN_EMPTY_BODY = YES;
				CLANG_WARN_ENUM_CONVERSION = YES;
				CLANG_WARN_INFINITE_RECURSION = YES;
				CLANG_WARN_INT_CONVERSION = YES;
				CLANG_WARN_NON_LITERAL_NULL_CONVERSION = YES;
				CLANG_WARN_OBJC_IMPLICIT_RETAIN_SELF = YES;
				CLANG_WARN_OBJC_LITERAL_CONVERSION = YES;
				CLANG_WARN_OBJC_ROOT_CLASS = YES_ERROR;
				CLANG_WARN_RANGE_LOOP_ANALYSIS = YES;
				CLANG_WARN_STRICT_PROTOTYPES = YES;
				CLANG_WARN_SUSPICIOUS_MOVE = YES;
				CLANG_WARN_UNGUARDED_AVAILABILITY = YES_AGGRESSIVE;
				CLANG_WARN_UNREACHABLE_CODE = YES;
				CLANG_WARN__DUPLICATE_METHOD_MATCH = YES;
				CODE_SIGN_IDENTITY = "iPhone Developer";
				COPY_PHASE_STRIP = NO;
				CURRENT_PROJECT_VERSION = 1;
				DEBUG_INFORMATION_FORMAT = "dwarf-with-dsym";
				ENABLE_NS_ASSERTIONS = NO;
				ENABLE_STRICT_OBJC_MSGSEND = YES;
				GCC_C_LANGUAGE_STANDARD = gnu11;
				GCC_NO_COMMON_BLOCKS = YES;
				GCC_WARN_64_TO_32_BIT_CONVERSION = YES;
				GCC_WARN_ABOUT_RETURN_TYPE = YES_ERROR;
				GCC_WARN_UNDECLARED_SELECTOR = YES;
				GCC_WARN_UNINITIALIZED_AUTOS = YES_AGGRESSIVE;
				GCC_WARN_UNUSED_FUNCTION = YES;
				GCC_WARN_UNUSED_VARIABLE = YES;
				IPHONEOS_DEPLOYMENT_TARGET = 11.3;
				MTL_ENABLE_DEBUG_INFO = NO;
				SDKROOT = iphoneos;
				SWIFT_COMPILATION_MODE = wholemodule;
				SWIFT_OPTIMIZATION_LEVEL = "-O";
				VALIDATE_PRODUCT = YES;
				VERSIONING_SYSTEM = "apple-generic";
				VERSION_INFO_PREFIX = "";
			};
			name = Release;
		};
		5781410E20A00A4D00A6BB4B /* Debug */ = {
			isa = XCBuildConfiguration;
			buildSettings = {
				CLANG_ENABLE_MODULES = YES;
				CODE_SIGN_IDENTITY = "";
				CODE_SIGN_STYLE = Automatic;
				DEFINES_MODULE = YES;
				DEVELOPMENT_TEAM = 4QQC6W87YS;
				DYLIB_COMPATIBILITY_VERSION = 1;
				DYLIB_CURRENT_VERSION = 1;
				DYLIB_INSTALL_NAME_BASE = "@rpath";
				INFOPLIST_FILE = XDXLabelFlow/Info.plist;
				INSTALL_PATH = "$(LOCAL_LIBRARY_DIR)/Frameworks";
				IPHONEOS_DEPLOYMENT_TARGET = 8.0;
				LD_RUNPATH_SEARCH_PATHS = (
					"$(inherited)",
					"@executable_path/Frameworks",
					"@loader_path/Frameworks",
				);
				PRODUCT_BUNDLE_IDENTIFIER = xdx.XDXLabelFlow;
				PRODUCT_NAME = "$(TARGET_NAME:c99extidentifier)";
				SKIP_INSTALL = YES;
				SWIFT_OPTIMIZATION_LEVEL = "-Onone";
				SWIFT_VERSION = 4.0;
				TARGETED_DEVICE_FAMILY = "1,2";
			};
			name = Debug;
		};
		5781410F20A00A4D00A6BB4B /* Release */ = {
			isa = XCBuildConfiguration;
			buildSettings = {
				CLANG_ENABLE_MODULES = YES;
				CODE_SIGN_IDENTITY = "";
				CODE_SIGN_STYLE = Automatic;
				DEFINES_MODULE = YES;
				DEVELOPMENT_TEAM = 4QQC6W87YS;
				DYLIB_COMPATIBILITY_VERSION = 1;
				DYLIB_CURRENT_VERSION = 1;
				DYLIB_INSTALL_NAME_BASE = "@rpath";
				INFOPLIST_FILE = XDXLabelFlow/Info.plist;
				INSTALL_PATH = "$(LOCAL_LIBRARY_DIR)/Frameworks";
				IPHONEOS_DEPLOYMENT_TARGET = 8.0;
				LD_RUNPATH_SEARCH_PATHS = (
					"$(inherited)",
					"@executable_path/Frameworks",
					"@loader_path/Frameworks",
				);
				PRODUCT_BUNDLE_IDENTIFIER = xdx.XDXLabelFlow;
				PRODUCT_NAME = "$(TARGET_NAME:c99extidentifier)";
				SKIP_INSTALL = YES;
				SWIFT_VERSION = 4.0;
				TARGETED_DEVICE_FAMILY = "1,2";
			};
			name = Release;
		};
/* End XCBuildConfiguration section */

/* Begin XCConfigurationList section */
		578140FF20A00A4D00A6BB4B /* Build configuration list for PBXProject "XDXLabelFlow" */ = {
			isa = XCConfigurationList;
			buildConfigurations = (
				5781410B20A00A4D00A6BB4B /* Debug */,
				5781410C20A00A4D00A6BB4B /* Release */,
			);
			defaultConfigurationIsVisible = 0;
			defaultConfigurationName = Release;
		};
		5781410D20A00A4D00A6BB4B /* Build configuration list for PBXNativeTarget "XDXLabelFlow" */ = {
			isa = XCConfigurationList;
			buildConfigurations = (
				5781410E20A00A4D00A6BB4B /* Debug */,
				5781410F20A00A4D00A6BB4B /* Release */,
			);
			defaultConfigurationIsVisible = 0;
			defaultConfigurationName = Release;
		};
/* End XCConfigurationList section */
	};
	rootObject = 578140FC20A00A4D00A6BB4B /* Project object */;
}
